
Microsoft Visual Studio Solution File, Format Version 12.00
# Visual Studio 2013
VisualStudioVersion = 12.0.30501.0
MinimumVisualStudioVersion = 10.0.40219.1
Project("{2150E333-8FDC-42A3-9474-1A3956D46DE8}") = "Drivers", "Drivers", "{B3655C70-4950-4E64-AF8D-EC87BBC5FC6B}"
EndProject
Project("{2150E333-8FDC-42A3-9474-1A3956D46DE8}") = "Tests", "Tests", "{AB6386E8-4D07-458A-BFBF-5C02A6136E1C}"
EndProject
Project("{FAE04EC0-301F-11D3-BF4B-00C04F79EFBC}") = "RainforestEagleDriver.Tests", "Tests\RainforestEagleDriver.Tests\RainforestEagleDriver.Tests.csproj", "{B8AF31BF-DBBF-43DF-A8E5-DE3D28C62599}"
EndProject
Project("{FAE04EC0-301F-11D3-BF4B-00C04F79EFBC}") = "GeofancyDriver", "Source\GeofancyDriver\GeofancyDriver.csproj", "{072E5D6F-F668-48EE-8C8E-B4FF21AC97AC}"
EndProject
Project("{FAE04EC0-301F-11D3-BF4B-00C04F79EFBC}") = "NestDriver", "Source\NestDriver\NestDriver.csproj", "{24FBBEFB-D4B8-4DA3-850E-6D46DDA1A0E7}"
EndProject
Project("{FAE04EC0-301F-11D3-BF4B-00C04F79EFBC}") = "PhilipsHueDriver", "Source\PhilipsHueDriver\PhilipsHueDriver.csproj", "{AB725130-34F0-4C81-9F46-0C873732CC07}"
EndProject
Project("{FAE04EC0-301F-11D3-BF4B-00C04F79EFBC}") = "PushoverDriver", "Source\PushoverDriver\PushoverDriver.csproj", "{B410AAAB-82F1-424C-8FA3-B6AFCE608CFC}"
EndProject
Project("{FAE04EC0-301F-11D3-BF4B-00C04F79EFBC}") = "RainforestEagleDriver", "Source\RainforestEagleDriver\RainforestEagleDriver.csproj", "{75BAF947-1097-4A09-AF95-B7E777FE41D1}"
EndProject
Project("{FAE04EC0-301F-11D3-BF4B-00C04F79EFBC}") = "NestDriver.Tests", "Tests\NestDriver.Tests\NestDriver.Tests.csproj", "{C88AB1D1-18B7-4E57-868C-32FD3D47F2F4}"
EndProject
Project("{2150E333-8FDC-42A3-9474-1A3956D46DE8}") = "Solution Items", "Solution Items", "{3F0AC769-9F0F-46B6-B9AF-1A5B6001194A}"
	ProjectSection(SolutionItems) = preProject
		IlMerge.CSharp.targets = IlMerge.CSharp.targets
		README.md = README.md
	EndProjectSection
EndProject
Project("{FAE04EC0-301F-11D3-BF4B-00C04F79EFBC}") = "ZWaveDriver", "Source\ZWaveDriver\ZWaveDriver.csproj", "{A7814601-90BF-4278-996D-B6FFD66E5147}"
EndProject
Global
	GlobalSection(SolutionConfigurationPlatforms) = preSolution
		Debug|Any CPU = Debug|Any CPU
		Debug|ARM = Debug|ARM
		Debug|x64 = Debug|x64
		Debug|x86 = Debug|x86
		Release|Any CPU = Release|Any CPU
		Release|ARM = Release|ARM
		Release|x64 = Release|x64
		Release|x86 = Release|x86
	EndGlobalSection
	GlobalSection(ProjectConfigurationPlatforms) = postSolution
		{B8AF31BF-DBBF-43DF-A8E5-DE3D28C62599}.Debug|Any CPU.ActiveCfg = Debug|Any CPU
		{B8AF31BF-DBBF-43DF-A8E5-DE3D28C62599}.Debug|Any CPU.Build.0 = Debug|Any CPU
		{B8AF31BF-DBBF-43DF-A8E5-DE3D28C62599}.Debug|ARM.ActiveCfg = Debug|Any CPU
		{B8AF31BF-DBBF-43DF-A8E5-DE3D28C62599}.Debug|x64.ActiveCfg = Debug|Any CPU
		{B8AF31BF-DBBF-43DF-A8E5-DE3D28C62599}.Debug|x86.ActiveCfg = Debug|Any CPU
		{B8AF31BF-DBBF-43DF-A8E5-DE3D28C62599}.Release|Any CPU.ActiveCfg = Release|Any CPU
		{B8AF31BF-DBBF-43DF-A8E5-DE3D28C62599}.Release|Any CPU.Build.0 = Release|Any CPU
		{B8AF31BF-DBBF-43DF-A8E5-DE3D28C62599}.Release|ARM.ActiveCfg = Release|Any CPU
		{B8AF31BF-DBBF-43DF-A8E5-DE3D28C62599}.Release|x64.ActiveCfg = Release|Any CPU
		{B8AF31BF-DBBF-43DF-A8E5-DE3D28C62599}.Release|x86.ActiveCfg = Release|Any CPU
		{072E5D6F-F668-48EE-8C8E-B4FF21AC97AC}.Debug|Any CPU.ActiveCfg = Debug|Any CPU
		{072E5D6F-F668-48EE-8C8E-B4FF21AC97AC}.Debug|Any CPU.Build.0 = Debug|Any CPU
		{072E5D6F-F668-48EE-8C8E-B4FF21AC97AC}.Debug|ARM.ActiveCfg = Debug|Any CPU
		{072E5D6F-F668-48EE-8C8E-B4FF21AC97AC}.Debug|x64.ActiveCfg = Debug|Any CPU
		{072E5D6F-F668-48EE-8C8E-B4FF21AC97AC}.Debug|x86.ActiveCfg = Debug|Any CPU
		{072E5D6F-F668-48EE-8C8E-B4FF21AC97AC}.Release|Any CPU.ActiveCfg = Release|Any CPU
		{072E5D6F-F668-48EE-8C8E-B4FF21AC97AC}.Release|Any CPU.Build.0 = Release|Any CPU
		{072E5D6F-F668-48EE-8C8E-B4FF21AC97AC}.Release|ARM.ActiveCfg = Release|Any CPU
		{072E5D6F-F668-48EE-8C8E-B4FF21AC97AC}.Release|x64.ActiveCfg = Release|Any CPU
		{072E5D6F-F668-48EE-8C8E-B4FF21AC97AC}.Release|x86.ActiveCfg = Release|Any CPU
		{24FBBEFB-D4B8-4DA3-850E-6D46DDA1A0E7}.Debug|Any CPU.ActiveCfg = Debug|Any CPU
		{24FBBEFB-D4B8-4DA3-850E-6D46DDA1A0E7}.Debug|Any CPU.Build.0 = Debug|Any CPU
		{24FBBEFB-D4B8-4DA3-850E-6D46DDA1A0E7}.Debug|ARM.ActiveCfg = Debug|Any CPU
		{24FBBEFB-D4B8-4DA3-850E-6D46DDA1A0E7}.Debug|x64.ActiveCfg = Debug|Any CPU
		{24FBBEFB-D4B8-4DA3-850E-6D46DDA1A0E7}.Debug|x86.ActiveCfg = Debug|Any CPU
		{24FBBEFB-D4B8-4DA3-850E-6D46DDA1A0E7}.Release|Any CPU.ActiveCfg = Release|Any CPU
		{24FBBEFB-D4B8-4DA3-850E-6D46DDA1A0E7}.Release|Any CPU.Build.0 = Release|Any CPU
		{24FBBEFB-D4B8-4DA3-850E-6D46DDA1A0E7}.Release|ARM.ActiveCfg = Release|Any CPU
		{24FBBEFB-D4B8-4DA3-850E-6D46DDA1A0E7}.Release|x64.ActiveCfg = Release|Any CPU
		{24FBBEFB-D4B8-4DA3-850E-6D46DDA1A0E7}.Release|x86.ActiveCfg = Release|Any CPU
		{AB725130-34F0-4C81-9F46-0C873732CC07}.Debug|Any CPU.ActiveCfg = Debug|Any CPU
		{AB725130-34F0-4C81-9F46-0C873732CC07}.Debug|Any CPU.Build.0 = Debug|Any CPU
		{AB725130-34F0-4C81-9F46-0C873732CC07}.Debug|ARM.ActiveCfg = Debug|Any CPU
		{AB725130-34F0-4C81-9F46-0C873732CC07}.Debug|x64.ActiveCfg = Debug|Any CPU
		{AB725130-34F0-4C81-9F46-0C873732CC07}.Debug|x86.ActiveCfg = Debug|Any CPU
		{AB725130-34F0-4C81-9F46-0C873732CC07}.Release|Any CPU.ActiveCfg = Release|Any CPU
		{AB725130-34F0-4C81-9F46-0C873732CC07}.Release|Any CPU.Build.0 = Release|Any CPU
		{AB725130-34F0-4C81-9F46-0C873732CC07}.Release|ARM.ActiveCfg = Release|Any CPU
		{AB725130-34F0-4C81-9F46-0C873732CC07}.Release|x64.ActiveCfg = Release|Any CPU
		{AB725130-34F0-4C81-9F46-0C873732CC07}.Release|x86.ActiveCfg = Release|Any CPU
		{B410AAAB-82F1-424C-8FA3-B6AFCE608CFC}.Debug|Any CPU.ActiveCfg = Debug|Any CPU
		{B410AAAB-82F1-424C-8FA3-B6AFCE608CFC}.Debug|Any CPU.Build.0 = Debug|Any CPU
		{B410AAAB-82F1-424C-8FA3-B6AFCE608CFC}.Debug|ARM.ActiveCfg = Debug|Any CPU
		{B410AAAB-82F1-424C-8FA3-B6AFCE608CFC}.Debug|x64.ActiveCfg = Debug|Any CPU
		{B410AAAB-82F1-424C-8FA3-B6AFCE608CFC}.Debug|x86.ActiveCfg = Debug|Any CPU
		{B410AAAB-82F1-424C-8FA3-B6AFCE608CFC}.Release|Any CPU.ActiveCfg = Release|Any CPU
		{B410AAAB-82F1-424C-8FA3-B6AFCE608CFC}.Release|Any CPU.Build.0 = Release|Any CPU
		{B410AAAB-82F1-424C-8FA3-B6AFCE608CFC}.Release|ARM.ActiveCfg = Release|Any CPU
		{B410AAAB-82F1-424C-8FA3-B6AFCE608CFC}.Release|x64.ActiveCfg = Release|Any CPU
		{B410AAAB-82F1-424C-8FA3-B6AFCE608CFC}.Release|x86.ActiveCfg = Release|Any CPU
		{75BAF947-1097-4A09-AF95-B7E777FE41D1}.Debug|Any CPU.ActiveCfg = Debug|Any CPU
		{75BAF947-1097-4A09-AF95-B7E777FE41D1}.Debug|Any CPU.Build.0 = Debug|Any CPU
		{75BAF947-1097-4A09-AF95-B7E777FE41D1}.Debug|ARM.ActiveCfg = Debug|Any CPU
		{75BAF947-1097-4A09-AF95-B7E777FE41D1}.Debug|x64.ActiveCfg = Debug|Any CPU
		{75BAF947-1097-4A09-AF95-B7E777FE41D1}.Debug|x86.ActiveCfg = Debug|Any CPU
		{75BAF947-1097-4A09-AF95-B7E777FE41D1}.Release|Any CPU.ActiveCfg = Release|Any CPU
		{75BAF947-1097-4A09-AF95-B7E777FE41D1}.Release|Any CPU.Build.0 = Release|Any CPU
		{75BAF947-1097-4A09-AF95-B7E777FE41D1}.Release|ARM.ActiveCfg = Release|Any CPU
		{75BAF947-1097-4A09-AF95-B7E777FE41D1}.Release|x64.ActiveCfg = Release|Any CPU
		{75BAF947-1097-4A09-AF95-B7E777FE41D1}.Release|x86.ActiveCfg = Release|Any CPU
		{C88AB1D1-18B7-4E57-868C-32FD3D47F2F4}.Debug|Any CPU.ActiveCfg = Debug|Any CPU
		{C88AB1D1-18B7-4E57-868C-32FD3D47F2F4}.Debug|Any CPU.Build.0 = Debug|Any CPU
		{C88AB1D1-18B7-4E57-868C-32FD3D47F2F4}.Debug|ARM.ActiveCfg = Debug|Any CPU
		{C88AB1D1-18B7-4E57-868C-32FD3D47F2F4}.Debug|x64.ActiveCfg = Debug|Any CPU
		{C88AB1D1-18B7-4E57-868C-32FD3D47F2F4}.Debug|x86.ActiveCfg = Debug|Any CPU
		{C88AB1D1-18B7-4E57-868C-32FD3D47F2F4}.Release|Any CPU.ActiveCfg = Release|Any CPU
		{C88AB1D1-18B7-4E57-868C-32FD3D47F2F4}.Release|Any CPU.Build.0 = Release|Any CPU
		{C88AB1D1-18B7-4E57-868C-32FD3D47F2F4}.Release|ARM.ActiveCfg = Release|Any CPU
		{C88AB1D1-18B7-4E57-868C-32FD3D47F2F4}.Release|x64.ActiveCfg = Release|Any CPU
		{C88AB1D1-18B7-4E57-868C-32FD3D47F2F4}.Release|x86.ActiveCfg = Release|Any CPU
		{A7814601-90BF-4278-996D-B6FFD66E5147}.Debug|Any CPU.ActiveCfg = Debug|Any CPU
		{A7814601-90BF-4278-996D-B6FFD66E5147}.Debug|Any CPU.Build.0 = Debug|Any CPU
		{A7814601-90BF-4278-996D-B6FFD66E5147}.Debug|ARM.ActiveCfg = Debug|Any CPU
		{A7814601-90BF-4278-996D-B6FFD66E5147}.Debug|x64.ActiveCfg = Debug|Any CPU
		{A7814601-90BF-4278-996D-B6FFD66E5147}.Debug|x86.ActiveCfg = Debug|Any CPU
		{A7814601-90BF-4278-996D-B6FFD66E5147}.Release|Any CPU.ActiveCfg = Release|Any CPU
		{A7814601-90BF-4278-996D-B6FFD66E5147}.Release|Any CPU.Build.0 = Release|Any CPU
		{A7814601-90BF-4278-996D-B6FFD66E5147}.Release|ARM.ActiveCfg = Release|Any CPU
		{A7814601-90BF-4278-996D-B6FFD66E5147}.Release|x64.ActiveCfg = Release|Any CPU
		{A7814601-90BF-4278-996D-B6FFD66E5147}.Release|x86.ActiveCfg = Release|Any CPU
	EndGlobalSection
	GlobalSection(SolutionProperties) = preSolution
		HideSolutionNode = FALSE
	EndGlobalSection
	GlobalSection(NestedProjects) = preSolution
		{B8AF31BF-DBBF-43DF-A8E5-DE3D28C62599} = {AB6386E8-4D07-458A-BFBF-5C02A6136E1C}
		{072E5D6F-F668-48EE-8C8E-B4FF21AC97AC} = {B3655C70-4950-4E64-AF8D-EC87BBC5FC6B}
		{24FBBEFB-D4B8-4DA3-850E-6D46DDA1A0E7} = {B3655C70-4950-4E64-AF8D-EC87BBC5FC6B}
		{AB725130-34F0-4C81-9F46-0C873732CC07} = {B3655C70-4950-4E64-AF8D-EC87BBC5FC6B}
		{B410AAAB-82F1-424C-8FA3-B6AFCE608CFC} = {B3655C70-4950-4E64-AF8D-EC87BBC5FC6B}
		{75BAF947-1097-4A09-AF95-B7E777FE41D1} = {B3655C70-4950-4E64-AF8D-EC87BBC5FC6B}
		{C88AB1D1-18B7-4E57-868C-32FD3D47F2F4} = {AB6386E8-4D07-458A-BFBF-5C02A6136E1C}
		{A7814601-90BF-4278-996D-B6FFD66E5147} = {B3655C70-4950-4E64-AF8D-EC87BBC5FC6B}
	EndGlobalSection
EndGlobal
